// !$*UTF8*$!
{
	archiveVersion = 1;
	classes = {
	};
	objectVersion = 50;
	objects = {

/* Begin PBXBuildFile section */
		A8FF60DA2141BC4C00476786 /* AppDelegate.swift in Sources */ = {isa = PBXBuildFile; fileRef = A8FF60D92141BC4C00476786 /* AppDelegate.swift */; };
		A8FF60DC2141BC4C00476786 /* ViewController.swift in Sources */ = {isa = PBXBuildFile; fileRef = A8FF60DB2141BC4C00476786 /* ViewController.swift */; };
		A8FF60DF2141BC4C00476786 /* Main.storyboard in Resources */ = {isa = PBXBuildFile; fileRef = A8FF60DD2141BC4C00476786 /* Main.storyboard */; };
		A8FF60E22141BC4C00476786 /* Gui_aFronteriza.xcdatamodeld in Sources */ = {isa = PBXBuildFile; fileRef = A8FF60E02141BC4C00476786 /* Gui_aFronteriza.xcdatamodeld */; };
		A8FF60E42141BC4F00476786 /* Assets.xcassets in Resources */ = {isa = PBXBuildFile; fileRef = A8FF60E32141BC4F00476786 /* Assets.xcassets */; };
		A8FF60E72141BC4F00476786 /* LaunchScreen.storyboard in Resources */ = {isa = PBXBuildFile; fileRef = A8FF60E52141BC4F00476786 /* LaunchScreen.storyboard */; };
		A8FF60EF2141BF8500476786 /* data_parser.swift in Sources */ = {isa = PBXBuildFile; fileRef = A8FF60EE2141BF8500476786 /* data_parser.swift */; };
		A8FF60F22142E78700476786 /* MapKit.framework in Frameworks */ = {isa = PBXBuildFile; fileRef = A8FF60F12142E78700476786 /* MapKit.framework */; };
		A8FF60F62142F20400476786 /* crossingAnnotation.swift in Sources */ = {isa = PBXBuildFile; fileRef = A8FF60F52142F20400476786 /* crossingAnnotation.swift */; };
/* End PBXBuildFile section */

/* Begin PBXFileReference section */
		A8FF60D62141BC4C00476786 /* GuíaFronteriza.app */ = {isa = PBXFileReference; explicitFileType = wrapper.application; includeInIndex = 0; path = "GuíaFronteriza.app"; sourceTree = BUILT_PRODUCTS_DIR; };
		A8FF60D92141BC4C00476786 /* AppDelegate.swift */ = {isa = PBXFileReference; lastKnownFileType = sourcecode.swift; path = AppDelegate.swift; sourceTree = "<group>"; };
		A8FF60DB2141BC4C00476786 /* ViewController.swift */ = {isa = PBXFileReference; lastKnownFileType = sourcecode.swift; path = ViewController.swift; sourceTree = "<group>"; };
		A8FF60DE2141BC4C00476786 /* Base */ = {isa = PBXFileReference; lastKnownFileType = file.storyboard; name = Base; path = Base.lproj/Main.storyboard; sourceTree = "<group>"; };
		A8FF60E12141BC4C00476786 /* Gui_aFronteriza.xcdatamodel */ = {isa = PBXFileReference; lastKnownFileType = wrapper.xcdatamodel; path = Gui_aFronteriza.xcdatamodel; sourceTree = "<group>"; };
		A8FF60E32141BC4F00476786 /* Assets.xcassets */ = {isa = PBXFileReference; lastKnownFileType = folder.assetcatalog; path = Assets.xcassets; sourceTree = "<group>"; };
		A8FF60E62141BC4F00476786 /* Base */ = {isa = PBXFileReference; lastKnownFileType = file.storyboard; name = Base; path = Base.lproj/LaunchScreen.storyboard; sourceTree = "<group>"; };
		A8FF60E82141BC4F00476786 /* Info.plist */ = {isa = PBXFileReference; lastKnownFileType = text.plist.xml; path = Info.plist; sourceTree = "<group>"; };
		A8FF60EE2141BF8500476786 /* data_parser.swift */ = {isa = PBXFileReference; lastKnownFileType = sourcecode.swift; path = data_parser.swift; sourceTree = "<group>"; };
		A8FF60F12142E78700476786 /* MapKit.framework */ = {isa = PBXFileReference; lastKnownFileType = wrapper.framework; name = MapKit.framework; path = System/Library/Frameworks/MapKit.framework; sourceTree = SDKROOT; };
		A8FF60F52142F20400476786 /* crossingAnnotation.swift */ = {isa = PBXFileReference; lastKnownFileType = sourcecode.swift; path = crossingAnnotation.swift; sourceTree = "<group>"; };
/* End PBXFileReference section */

/* Begin PBXFrameworksBuildPhase section */
		A8FF60D32141BC4C00476786 /* Frameworks */ = {
			isa = PBXFrameworksBuildPhase;
			buildActionMask = 2147483647;
			files = (
				A8FF60F22142E78700476786 /* MapKit.framework in Frameworks */,
			);
			runOnlyForDeploymentPostprocessing = 0;
		};
/* End PBXFrameworksBuildPhase section */

/* Begin PBXGroup section */
		A8FF60CD2141BC4C00476786 = {
			isa = PBXGroup;
			children = (
				A8FF60D82141BC4C00476786 /* GuíaFronteriza */,
				A8FF60D72141BC4C00476786 /* Products */,
				A8FF60F02142E78700476786 /* Frameworks */,
			);
			sourceTree = "<group>";
		};
		A8FF60D72141BC4C00476786 /* Products */ = {
			isa = PBXGroup;
			children = (
				A8FF60D62141BC4C00476786 /* GuíaFronteriza.app */,
			);
			name = Products;
			sourceTree = "<group>";
		};
		A8FF60D82141BC4C00476786 /* GuíaFronteriza */ = {
			isa = PBXGroup;
			children = (
				A8FF60D92141BC4C00476786 /* AppDelegate.swift */,
				A8FF60DB2141BC4C00476786 /* ViewController.swift */,
				A8FF60EE2141BF8500476786 /* data_parser.swift */,
				A8FF60F52142F20400476786 /* crossingAnnotation.swift */,
				A8FF60DD2141BC4C00476786 /* Main.storyboard */,
				A8FF60E32141BC4F00476786 /* Assets.xcassets */,
				A8FF60E52141BC4F00476786 /* LaunchScreen.storyboard */,
				A8FF60E82141BC4F00476786 /* Info.plist */,
				A8FF60E02141BC4C00476786 /* Gui_aFronteriza.xcdatamodeld */,
			);
			path = "GuíaFronteriza";
			sourceTree = "<group>";
		};
		A8FF60F02142E78700476786 /* Frameworks */ = {
			isa = PBXGroup;
			children = (
				A8FF60F12142E78700476786 /* MapKit.framework */,
			);
			name = Frameworks;
			sourceTree = "<group>";
		};
/* End PBXGroup section */

/* Begin PBXNativeTarget section */
		A8FF60D52141BC4C00476786 /* GuíaFronteriza */ = {
			isa = PBXNativeTarget;
			buildConfigurationList = A8FF60EB2141BC4F00476786 /* Build configuration list for PBXNativeTarget "GuíaFronteriza" */;
			buildPhases = (
				A8FF60D22141BC4C00476786 /* Sources */,
				A8FF60D32141BC4C00476786 /* Frameworks */,
				A8FF60D42141BC4C00476786 /* Resources */,
			);
			buildRules = (
			);
			dependencies = (
			);
			name = "GuíaFronteriza";
			productName = "GuíaFronteriza";
			productReference = A8FF60D62141BC4C00476786 /* GuíaFronteriza.app */;
			productType = "com.apple.product-type.application";
		};
/* End PBXNativeTarget section */

/* Begin PBXProject section */
		A8FF60CE2141BC4C00476786 /* Project object */ = {
			isa = PBXProject;
			attributes = {
				LastSwiftUpdateCheck = 0940;
				LastUpgradeCheck = 0940;
				ORGANIZATIONNAME = "Brian Bouchard";
				TargetAttributes = {
					A8FF60D52141BC4C00476786 = {
						CreatedOnToolsVersion = 9.4.1;
						SystemCapabilities = {
							com.apple.Maps.iOS = {
								enabled = 1;
							};
						};
					};
				};
			};
			buildConfigurationList = A8FF60D12141BC4C00476786 /* Build configuration list for PBXProject "GuíaFronteriza" */;
			compatibilityVersion = "Xcode 9.3";
			developmentRegion = en;
			hasScannedForEncodings = 0;
			knownRegions = (
				en,
				Base,
			);
			mainGroup = A8FF60CD2141BC4C00476786;
			productRefGroup = A8FF60D72141BC4C00476786 /* Products */;
			projectDirPath = "";
			projectRoot = "";
			targets = (
				A8FF60D52141BC4C00476786 /* GuíaFronteriza */,
			);
		};
/* End PBXProject section */

/* Begin PBXResourcesBuildPhase section */
		A8FF60D42141BC4C00476786 /* Resources */ = {
			isa = PBXResourcesBuildPhase;
			buildActionMask = 2147483647;
			files = (
				A8FF60E72141BC4F00476786 /* LaunchScreen.storyboard in Resources */,
				A8FF60E42141BC4F00476786 /* Assets.xcassets in Resources */,
				A8FF60DF2141BC4C00476786 /* Main.storyboard in Resources */,
			);
			runOnlyForDeploymentPostprocessing = 0;
		};
/* End PBXResourcesBuildPhase section */

/* Begin PBXSourcesBuildPhase section */
		A8FF60D22141BC4C00476786 /* Sources */ = {
			isa = PBXSourcesBuildPhase;
			buildActionMask = 2147483647;
			files = (
				A8FF60DC2141BC4C00476786 /* ViewController.swift in Sources */,
				A8FF60E22141BC4C00476786 /* Gui_aFronteriza.xcdatamodeld in Sources */,
				A8FF60F62142F20400476786 /* crossingAnnotation.swift in Sources */,
				A8FF60EF2141BF8500476786 /* data_parser.swift in Sources */,
				A8FF60DA2141BC4C00476786 /* AppDelegate.swift in Sources */,
			);
			runOnlyForDeploymentPostprocessing = 0;
		};
/* End PBXSourcesBuildPhase section */

/* Begin PBXVariantGroup section */
		A8FF60DD2141BC4C00476786 /* Main.storyboard */ = {
			isa = PBXVariantGroup;
			children = (
				A8FF60DE2141BC4C00476786 /* Base */,
			);
			name = Main.storyboard;
			sourceTree = "<group>";
		};
		A8FF60E52141BC4F00476786 /* LaunchScreen.storyboard */ = {
			isa = PBXVariantGroup;
			children = (
				A8FF60E62141BC4F00476786 /* Base */,
			);
			name = LaunchScreen.storyboard;
			sourceTree = "<group>";
		};
/* End PBXVariantGroup section */

/* Begin XCBuildConfiguration section */
		A8FF60E92141BC4F00476786 /* Debug */ = {
			isa = XCBuildConfiguration;
			buildSettings = {
				ALWAYS_SEARCH_USER_PATHS = NO;
				CLANG_ANALYZER_NONNULL = YES;
				CLANG_ANALYZER_NUMBER_OBJECT_CONVERSION = YES_AGGRESSIVE;
				CLANG_CXX_LANGUAGE_STANDARD = "gnu++14";
				CLANG_CXX_LIBRARY = "libc++";
				CLANG_ENABLE_MODULES = YES;
				CLANG_ENABLE_OBJC_ARC = YES;
				CLANG_ENABLE_OBJC_WEAK = YES;
				CLANG_WARN_BLOCK_CAPTURE_AUTORELEASING = YES;
				CLANG_WARN_BOOL_CONVERSION = YES;
				CLANG_WARN_COMMA = YES;
				CLANG_WARN_CONSTANT_CONVERSION = YES;
				CLANG_WARN_DEPRECATED_OBJC_IMPLEMENTATIONS = YES;
				CLANG_WARN_DIRECT_OBJC_ISA_USAGE = YES_ERROR;
				CLANG_WARN_DOCUMENTATION_COMMENTS = YES;
				CLANG_WARN_EMPTY_BODY = YES;
				CLANG_WARN_ENUM_CONVERSION = YES;
				CLANG_WARN_INFINITE_RECURSION = YES;
				CLANG_WARN_INT_CONVERSION = YES;
				CLANG_WARN_NON_LITERAL_NULL_CONVERSION = YES;
				CLANG_WARN_OBJC_IMPLICIT_RETAIN_SELF = YES;
				CLANG_WARN_OBJC_LITERAL_CONVERSION = YES;
				CLANG_WARN_OBJC_ROOT_CLASS = YES_ERROR;
				CLANG_WARN_RANGE_LOOP_ANALYSIS = YES;
				CLANG_WARN_STRICT_PROTOTYPES = YES;
				CLANG_WARN_SUSPICIOUS_MOVE = YES;
				CLANG_WARN_UNGUARDED_AVAILABILITY = YES_AGGRESSIVE;
				CLANG_WARN_UNREACHABLE_CODE = YES;
				CLANG_WARN__DUPLICATE_METHOD_MATCH = YES;
				CODE_SIGN_IDENTITY = "iPhone Developer";
				COPY_PHASE_STRIP = NO;
				DEBUG_INFORMATION_FORMAT = dwarf;
				ENABLE_STRICT_OBJC_MSGSEND = YES;
				ENABLE_TESTABILITY = YES;
				GCC_C_LANGUAGE_STANDARD = gnu11;
				GCC_DYNAMIC_NO_PIC = NO;
				GCC_NO_COMMON_BLOCKS = YES;
				GCC_OPTIMIZATION_LEVEL = 0;
				GCC_PREPROCESSOR_DEFINITIONS = (
					"DEBUG=1",
					"$(inherited)",
				);
				GCC_WARN_64_TO_32_BIT_CONVERSION = YES;
				GCC_WARN_ABOUT_RETURN_TYPE = YES_ERROR;
				GCC_WARN_UNDECLARED_SELECTOR = YES;
				GCC_WARN_UNINITIALIZED_AUTOS = YES_AGGRESSIVE;
				GCC_WARN_UNUSED_FUNCTION = YES;
				GCC_WARN_UNUSED_VARIABLE = YES;
				IPHONEOS_DEPLOYMENT_TARGET = 11.4;
				MTL_ENABLE_DEBUG_INFO = YES;
				ONLY_ACTIVE_ARCH = YES;
				SDKROOT = iphoneos;
				SWIFT_ACTIVE_COMPILATION_CONDITIONS = DEBUG;
				SWIFT_OPTIMIZATION_LEVEL = "-Onone";
			};
			name = Debug;
		};
		A8FF60EA2141BC4F00476786 /* Release */ = {
			isa = XCBuildConfiguration;
			buildSettings = {
				ALWAYS_SEARCH_USER_PATHS = NO;
				CLANG_ANALYZER_NONNULL = YES;
				CLANG_ANALYZER_NUMBER_OBJECT_CONVERSION = YES_AGGRESSIVE;
				CLANG_CXX_LANGUAGE_STANDARD = "gnu++14";
				CLANG_CXX_LIBRARY = "libc++";
				CLANG_ENABLE_MODULES = YES;
				CLANG_ENABLE_OBJC_ARC = YES;
				CLANG_ENABLE_OBJC_WEAK = YES;
				CLANG_WARN_BLOCK_CAPTURE_AUTORELEASING = YES;
				CLANG_WARN_BOOL_CONVERSION = YES;
				CLANG_WARN_COMMA = YES;
				CLANG_WARN_CONSTANT_CONVERSION = YES;
				CLANG_WARN_DEPRECATED_OBJC_IMPLEMENTATIONS = YES;
				CLANG_WARN_DIRECT_OBJC_ISA_USAGE = YES_ERROR;
				CLANG_WARN_DOCUMENTATION_COMMENTS = YES;
				CLANG_WARN_EMPTY_BODY = YES;
				CLANG_WARN_ENUM_CONVERSION = YES;
				CLANG_WARN_INFINITE_RECURSION = YES;
				CLANG_WARN_INT_CONVERSION = YES;
				CLANG_WARN_NON_LITERAL_NULL_CONVERSION = YES;
				CLANG_WARN_OBJC_IMPLICIT_RETAIN_SELF = YES;
				CLANG_WARN_OBJC_LITERAL_CONVERSION = YES;
				CLANG_WARN_OBJC_ROOT_CLASS = YES_ERROR;
				CLANG_WARN_RANGE_LOOP_ANALYSIS = YES;
				CLANG_WARN_STRICT_PROTOTYPES = YES;
				CLANG_WARN_SUSPICIOUS_MOVE = YES;
				CLANG_WARN_UNGUARDED_AVAILABILITY = YES_AGGRESSIVE;
				CLANG_WARN_UNREACHABLE_CODE = YES;
				CLANG_WARN__DUPLICATE_METHOD_MATCH = YES;
				CODE_SIGN_IDENTITY = "iPhone Developer";
				COPY_PHASE_STRIP = NO;
				DEBUG_INFORMATION_FORMAT = "dwarf-with-dsym";
				ENABLE_NS_ASSERTIONS = NO;
				ENABLE_STRICT_OBJC_MSGSEND = YES;
				GCC_C_LANGUAGE_STANDARD = gnu11;
				GCC_NO_COMMON_BLOCKS = YES;
				GCC_WARN_64_TO_32_BIT_CONVERSION = YES;
				GCC_WARN_ABOUT_RETURN_TYPE = YES_ERROR;
				GCC_WARN_UNDECLARED_SELECTOR = YES;
				GCC_WARN_UNINITIALIZED_AUTOS = YES_AGGRESSIVE;
				GCC_WARN_UNUSED_FUNCTION = YES;
				GCC_WARN_UNUSED_VARIABLE = YES;
				IPHONEOS_DEPLOYMENT_TARGET = 11.4;
				MTL_ENABLE_DEBUG_INFO = NO;
				SDKROOT = iphoneos;
				SWIFT_COMPILATION_MODE = wholemodule;
				SWIFT_OPTIMIZATION_LEVEL = "-O";
				VALIDATE_PRODUCT = YES;
			};
			name = Release;
		};
		A8FF60EC2141BC4F00476786 /* Debug */ = {
			isa = XCBuildConfiguration;
			buildSettings = {
				ASSETCATALOG_COMPILER_APPICON_NAME = AppIcon;
				CODE_SIGN_STYLE = Automatic;
				DEVELOPMENT_TEAM = 4PABAKRALZ;
				INFOPLIST_FILE = "GuíaFronteriza/Info.plist";
				LD_RUNPATH_SEARCH_PATHS = (
					"$(inherited)",
					"@executable_path/Frameworks",
				);
				PRODUCT_BUNDLE_IDENTIFIER = "Brian-Bouchard.Gui-aFronteriza";
				PRODUCT_NAME = "$(TARGET_NAME)";
				SWIFT_VERSION = 4.0;
				TARGETED_DEVICE_FAMILY = "1,2";
			};
			name = Debug;
		};
		A8FF60ED2141BC4F00476786 /* Release */ = {
			isa = XCBuildConfiguration;
			buildSettings = {
				ASSETCATALOG_COMPILER_APPICON_NAME = AppIcon;
				CODE_SIGN_STYLE = Automatic;
				DEVELOPMENT_TEAM = 4PABAKRALZ;
				INFOPLIST_FILE = "GuíaFronteriza/Info.plist";
				LD_RUNPATH_SEARCH_PATHS = (
					"$(inherited)",
					"@executable_path/Frameworks",
				);
				PRODUCT_BUNDLE_IDENTIFIER = "Brian-Bouchard.Gui-aFronteriza";
				PRODUCT_NAME = "$(TARGET_NAME)";
				SWIFT_VERSION = 4.0;
				TARGETED_DEVICE_FAMILY = "1,2";
			};
			name = Release;
		};
/* End XCBuildConfiguration section */

/* Begin XCConfigurationList section */
		A8FF60D12141BC4C00476786 /* Build configuration list for PBXProject "GuíaFronteriza" */ = {
			isa = XCConfigurationList;
			buildConfigurations = (
				A8FF60E92141BC4F00476786 /* Debug */,
				A8FF60EA2141BC4F00476786 /* Release */,
			);
			defaultConfigurationIsVisible = 0;
			defaultConfigurationName = Release;
		};
		A8FF60EB2141BC4F00476786 /* Build configuration list for PBXNativeTarget "GuíaFronteriza" */ = {
			isa = XCConfigurationList;
			buildConfigurations = (
				A8FF60EC2141BC4F00476786 /* Debug */,
				A8FF60ED2141BC4F00476786 /* Release */,
			);
			defaultConfigurationIsVisible = 0;
			defaultConfigurationName = Release;
		};
/* End XCConfigurationList section */

/* Begin XCVersionGroup section */
		A8FF60E02141BC4C00476786 /* Gui_aFronteriza.xcdatamodeld */ = {
			isa = XCVersionGroup;
			children = (
				A8FF60E12141BC4C00476786 /* Gui_aFronteriza.xcdatamodel */,
			);
			currentVersion = A8FF60E12141BC4C00476786 /* Gui_aFronteriza.xcdatamodel */;
			path = Gui_aFronteriza.xcdatamodeld;
			sourceTree = "<group>";
			versionGroupType = wrapper.xcdatamodel;
		};
/* End XCVersionGroup section */
	};
	rootObject = A8FF60CE2141BC4C00476786 /* Project object */;
}
